
Microsoft Visual Studio Solution File, Format Version 12.00
# Visual Studio 15
VisualStudioVersion = 15.0.27428.2037
MinimumVisualStudioVersion = 10.0.40219.1
Project("{FAE04EC0-301F-11D3-BF4B-00C04F79EFBC}") = "TrabalhoCalendáriov1", "TrabalhoCalendáriov1\TrabalhoCalendáriov1.csproj", "{450B6A5D-0D0C-495D-B2A0-603328DB5197}"
EndProject
Global
	GlobalSection(SolutionConfigurationPlatforms) = preSolution
		Debug|Any CPU = Debug|Any CPU
		Release|Any CPU = Release|Any CPU
	EndGlobalSection
	GlobalSection(ProjectConfigurationPlatforms) = postSolution
		{450B6A5D-0D0C-495D-B2A0-603328DB5197}.Debug|Any CPU.ActiveCfg = Debug|Any CPU
		{450B6A5D-0D0C-495D-B2A0-603328DB5197}.Debug|Any CPU.Build.0 = Debug|Any CPU
		{450B6A5D-0D0C-495D-B2A0-603328DB5197}.Release|Any CPU.ActiveCfg = Release|Any CPU
		{450B6A5D-0D0C-495D-B2A0-603328DB5197}.Release|Any CPU.Build.0 = Release|Any CPU
	EndGlobalSection
	GlobalSection(SolutionProperties) = preSolution
		HideSolutionNode = FALSE
	EndGlobalSection
	GlobalSection(ExtensibilityGlobals) = postSolution
		SolutionGuid = {A7100A92-66B0-43DD-9A71-6394235C411B}
	EndGlobalSection
EndGlobal
